
Microsoft Visual Studio Solution File, Format Version 12.00
# Visual Studio Version 16
VisualStudioVersion = 16.0.28729.10
MinimumVisualStudioVersion = 10.0.40219.1
Project("{9A19103F-16F7-4668-BE54-9A1E7A4F7556}") = "api.IFTool", "api.IFTool\api.IFTool.csproj", "{7EB4CFD7-3F48-47C8-B790-04A21921DB08}"
EndProject
Global
	GlobalSection(SolutionConfigurationPlatforms) = preSolution
		Debug|Any CPU = Debug|Any CPU
		Release|Any CPU = Release|Any CPU
	EndGlobalSection
	GlobalSection(ProjectConfigurationPlatforms) = postSolution
		{7EB4CFD7-3F48-47C8-B790-04A21921DB08}.Debug|Any CPU.ActiveCfg = Debug|Any CPU
		{7EB4CFD7-3F48-47C8-B790-04A21921DB08}.Debug|Any CPU.Build.0 = Debug|Any CPU
		{7EB4CFD7-3F48-47C8-B790-04A21921DB08}.Release|Any CPU.ActiveCfg = Release|Any CPU
		{7EB4CFD7-3F48-47C8-B790-04A21921DB08}.Release|Any CPU.Build.0 = Release|Any CPU
	EndGlobalSection
	GlobalSection(SolutionProperties) = preSolution
		HideSolutionNode = FALSE
	EndGlobalSection
	GlobalSection(ExtensibilityGlobals) = postSolution
		SolutionGuid = {C709EEE5-AEE2-4778-BE7D-1AE182E38B4C}
	EndGlobalSection
EndGlobal
